<?xml version="1.0" encoding="utf-8"?>
<Project ToolsVersion="4.0" xmlns="http://schemas.microsoft.com/developer/msbuild/2003">
  <ItemGroup>
    <Filter Include="Source Files">
      <UniqueIdentifier>{4FC737F1-C7A5-4376-A066-2A32D752A2FF}</UniqueIdentifier>
      <Extensions>cpp;c;cc;cxx;def;odl;idl;hpj;bat;asm;asmx</Extensions>
    </Filter>
    <Filter Include="Header Files">
      <UniqueIdentifier>{93995380-89BD-4b04-88EB-625FBE52EBFB}</UniqueIdentifier>
      <Extensions>h;hh;hpp;hxx;hm;inl;inc;xsd</Extensions>
    </Filter>
    <Filter Include="Resource Files">
      <UniqueIdentifier>{67DA6AB6-F800-4c08-8B7A-83BB121AAD01}</UniqueIdentifier>
      <Extensions>rc;ico;cur;bmp;dlg;rc2;rct;bin;rgs;gif;jpg;jpeg;jpe;resx;tiff;tif;png;wav;mfcribbon-ms</Extensions>
    </Filter>
  </ItemGroup>
  <ItemGroup>
    <ClCompile Include="MainForm.cpp">
      <Filter>Source Files</Filter>
    </ClCompile>
    <ClCompile Include="CameraPreview.cpp">
      <Filter>Source Files</Filter>
    </ClCompile>
    <ClCompile Include="cPhotonMAX.cpp">
      <Filter>Source Files</Filter>
    </ClCompile>
    <ClCompile Include="cPixeLINK.cpp">
      <Filter>Source Files</Filter>
    </ClCompile>
  </ItemGroup>
  <ItemGroup>
    <ClInclude Include="MainForm.h">
      <Filter>Header Files</Filter>
    </ClInclude>
    <ClInclude Include="CameraPreview.h">
      <Filter>Header Files</Filter>
    </ClInclude>
    <ClInclude Include="Camera.h">
      <Filter>Header Files</Filter>
    </ClInclude>
    <ClInclude Include="cPhotonMAX.h">
      <Filter>Header Files</Filter>
    </ClInclude>
    <ClInclude Include="master.h">
      <Filter>Header Files</Filter>
    </ClInclude>
    <ClInclude Include="pv_icl.h">
      <Filter>Header Files</Filter>
    </ClInclude>
    <ClInclude Include="pvcam.h">
      <Filter>Header Files</Filter>
    </ClInclude>
    <ClInclude Include="rsemcalib.h">
      <Filter>Header Files</Filter>
    </ClInclude>
    <ClInclude Include="rsptg.h">
      <Filter>Header Files</Filter>
    </ClInclude>
    <ClInclude Include="CameraParameters.h">
      <Filter>Header Files</Filter>
    </ClInclude>
    <ClInclude Include="fitsio.h">
      <Filter>Header Files</Filter>
    </ClInclude>
    <ClInclude Include="longnam.h">
      <Filter>Header Files</Filter>
    </ClInclude>
    <ClInclude Include="cPixeLINK.h">
      <Filter>Header Files</Filter>
    </ClInclude>
  </ItemGroup>
  <ItemGroup>
    <EmbeddedResource Include="MainForm.resx">
      <Filter>Resource Files</Filter>
    </EmbeddedResource>
    <EmbeddedResource Include="CameraPreview.resx">
      <Filter>Resource Files</Filter>
    </EmbeddedResource>
  </ItemGroup>
  <ItemGroup>
    <Library Include="ff.lib">
      <Filter>Resource Files</Filter>
    </Library>
    <Library Include="pv_icl32.lib">
      <Filter>Resource Files</Filter>
    </Library>
    <Library Include="Pvcam32.lib">
      <Filter>Resource Files</Filter>
    </Library>
    <Library Include="RSEMCalib.lib">
      <Filter>Resource Files</Filter>
    </Library>
    <Library Include="cfitsio.lib">
      <Filter>Resource Files</Filter>
    </Library>
    <Library Include="PxLAPI40.lib">
      <Filter>Resource Files</Filter>
    </Library>
  </ItemGroup>
</Project>